<?xml version="1.0" encoding="UTF-8"?>
<CONFIG>
  <ProjectOptions>
    <Version Value="12"/>
    <PathDelim Value="\"/>
    <General>
      <Flags>
        <MainUnitHasUsesSectionForAllUnits Value="False"/>
        <MainUnitHasCreateFormStatements Value="False"/>
        <MainUnitHasTitleStatement Value="False"/>
        <MainUnitHasScaledStatement Value="False"/>
        <CompatibilityMode Value="True"/>
      </Flags>
      <SessionStorage Value="InProjectDir"/>
      <Title Value="ButtonClickerGame"/>
      <UseAppBundle Value="False"/>
      <ResourceType Value="res"/>
    </General>
    <BuildModes Count="3">
      <Item1 Name="Default" Default="True"/>
      <Item2 Name="Debug">
        <CompilerOptions>
          <Version Value="11"/>
          <PathDelim Value="\"/>
          <Target>
            <Filename Value="ButtonClickerGame"/>
          </Target>
          <SearchPaths>
            <IncludeFiles Value="$(ProjOutDir)"/>
            <OtherUnitFiles Value="code"/>
            <UnitOutputDirectory Value="lib\$(TargetCPU)-$(TargetOS)"/>
          </SearchPaths>
          <Parsing>
            <SyntaxOptions>
              <IncludeAssertionCode Value="True"/>
            </SyntaxOptions>
          </Parsing>
          <CodeGeneration>
            <Checks>
              <IOChecks Value="True"/>
              <RangeChecks Value="True"/>
              <OverflowChecks Value="True"/>
              <StackChecks Value="True"/>
            </Checks>
            <VerifyObjMethodCallValidity Value="True"/>
          </CodeGeneration>
          <Linking>
            <Debugging>
              <DebugInfoType Value="dsDwarf2Set"/>
              <UseHeaptrc Value="True"/>
              <TrashVariables Value="True"/>
              <UseExternalDbgSyms Value="True"/>
            </Debugging>
          </Linking>
        </CompilerOptions>
      </Item2>
      <Item3 Name="Release">
        <CompilerOptions>
          <Version Value="11"/>
          <PathDelim Value="\"/>
          <Target>
            <Filename Value="ButtonClickerGame"/>
          </Target>
          <SearchPaths>
            <IncludeFiles Value="$(ProjOutDir)"/>
            <OtherUnitFiles Value="code"/>
            <UnitOutputDirectory Value="lib\$(TargetCPU)-$(TargetOS)"/>
          </SearchPaths>
          <CodeGeneration>
            <SmartLinkUnit Value="True"/>
            <Optimizations>
              <OptimizationLevel Value="3"/>
            </Optimizations>
          </CodeGeneration>
          <Linking>
            <Debugging>
              <GenerateDebugInfo Value="False"/>
            </Debugging>
            <LinkSmart Value="True"/>
          </Linking>
        </CompilerOptions>
      </Item3>
    </BuildModes>
    <PublishOptions>
      <Version Value="2"/>
      <UseFileFilters Value="True"/>
    </PublishOptions>
    <RunParams>
      <FormatVersion Value="2"/>
    </RunParams>
    <RequiredPackages Count="2">
      <Item1>
        <PackageName Value="castle_window"/>
      </Item1>
      <Item2>
        <PackageName Value="castle_base"/>
      </Item2>
    </RequiredPackages>
    <Units Count="10">
      <Unit0>
        <Filename Value="ButtonClickerGame.lpr"/>
        <IsPartOfProject Value="True"/>
      </Unit0>
      <Unit1>
        <Filename Value="code\gameinitialize.pas"/>
        <IsPartOfProject Value="True"/>
        <UnitName Value="GameInitialize"/>
      </Unit1>
      <Unit2>
        <Filename Value="code\gamestatemainmenu.pas"/>
        <IsPartOfProject Value="True"/>
        <UnitName Value="GameStateMainMenu"/>
      </Unit2>
      <Unit3>
        <Filename Value="code\gamefont.pas"/>
        <IsPartOfProject Value="True"/>
        <UnitName Value="GameFont"/>
      </Unit3>
      <Unit4>
        <Filename Value="code\gamestategame.pas"/>
        <IsPartOfProject Value="True"/>
        <UnitName Value="GameStateGame"/>
      </Unit4>
      <Unit5>
        <Filename Value="code\gamestategameover.pas"/>
        <IsPartOfProject Value="True"/>
        <UnitName Value="GameStateGameOver"/>
      </Unit5>
      <Unit6>
        <Filename Value="code\gamestateoptions.pas"/>
        <IsPartOfProject Value="True"/>
        <UnitName Value="GameStateOptions"/>
      </Unit6>
      <Unit7>
        <Filename Value="code\gamestatecredits.pas"/>
        <IsPartOfProject Value="True"/>
        <UnitName Value="GameStateCredits"/>
      </Unit7>
      <Unit8>
        <Filename Value="code\gamestatetutorial.pas"/>
        <IsPartOfProject Value="True"/>
        <UnitName Value="GameStateTutorial"/>
      </Unit8>
      <Unit9>
        <Filename Value="code\gamestateachievements.pas"/>
        <IsPartOfProject Value="True"/>
        <UnitName Value="GameStateAchievements"/>
      </Unit9>
    </Units>
  </ProjectOptions>
  <CompilerOptions>
    <Version Value="11"/>
    <PathDelim Value="\"/>
    <Target>
      <Filename Value="ButtonClickerGame"/>
    </Target>
    <SearchPaths>
      <IncludeFiles Value="$(ProjOutDir)"/>
      <OtherUnitFiles Value="code"/>
      <UnitOutputDirectory Value="lib\$(TargetCPU)-$(TargetOS)"/>
    </SearchPaths>
  </CompilerOptions>
  <Debugging>
    <Exceptions Count="3">
      <Item1>
        <Name Value="EAbort"/>
      </Item1>
      <Item2>
        <Name Value="ECodetoolError"/>
      </Item2>
      <Item3>
        <Name Value="EFOpenError"/>
      </Item3>
    </Exceptions>
  </Debugging>
</CONFIG>
